# @generated - this file is auto-generated by `mise lock` https://mise.en.dev/dev-tools/mise-lock.html

[[tools.buf]]
version = "1.70.0"
backend = "aqua:bufbuild/buf"

[tools.buf."platforms.linux-x64"]
checksum = "sha256:18498bdadbdce80792ce08c2c59e0c49f157aa3f5d9b0f9c6e3db795be208b9d"
url = "https://github.com/bufbuild/buf/releases/download/v1.70.0/buf-Linux-x86_64.tar.gz"

[tools.buf."platforms.macos-arm64"]
checksum = "sha256:9cec23658df093d50f3318580e17f1e309d45b817927f22e9de30f78f3d4d45b"
url = "https://github.com/bufbuild/buf/releases/download/v1.70.0/buf-Darwin-arm64.tar.gz"

[[tools."cargo:cargo-audit"]]
version = "0.22.2"
backend = "cargo:cargo-audit"

[[tools."cargo:cargo-deny"]]
version = "0.19.8"
backend = "cargo:cargo-deny"

[[tools."cargo:cargo-machete"]]
version = "0.9.2"
backend = "cargo:cargo-machete"

[[tools."cargo:cargo-zigbuild"]]
version = "0.22.3"
backend = "cargo:cargo-zigbuild"

[[tools."cargo:maturin"]]
version = "1.13.3"
backend = "cargo:maturin"

[[tools."cargo:typos-cli"]]
version = "1.40.0"
backend = "cargo:typos-cli"

[[tools.fnox]]
version = "1.25.1"
backend = "github:jdx/fnox"

[tools.fnox."platforms.linux-x64"]
checksum = "sha256:157a3ade234eec5b8a57dfc2ae5e3ac40f1871a5fd8affac94131d91ca60023b"
url = "https://github.com/jdx/fnox/releases/download/v1.25.1/fnox-x86_64-unknown-linux-gnu.tar.gz"
url_api = "https://api.github.com/repos/jdx/fnox/releases/assets/422647964"
provenance = "github-attestations"

[tools.fnox."platforms.macos-arm64"]
checksum = "sha256:39d1f8cc620d3784f1b4c0127a0cf404f97d35ac4233656d36891d80c77cd147"
url = "https://github.com/jdx/fnox/releases/download/v1.25.1/fnox-aarch64-apple-darwin.tar.gz"
url_api = "https://api.github.com/repos/jdx/fnox/releases/assets/422647956"
provenance = "github-attestations"

[[tools.node]]
version = "26.3.0"
backend = "core:node"

[tools.node."platforms.linux-x64"]
checksum = "sha256:a6e65cc653e40c1653b77742f9185dbce3ff1f99fa2746d211bddb53530ef206"
url = "https://nodejs.org/dist/v26.3.0/node-v26.3.0-linux-x64.tar.gz"

[tools.node."platforms.macos-arm64"]
checksum = "sha256:77ef7f7a15aa757c2ca19d63cf41c8d9eb3b18590ebc6883871310787d8c6b6c"
url = "https://nodejs.org/dist/v26.3.0/node-v26.3.0-darwin-arm64.tar.gz"

[[tools.oxfmt]]
version = "0.53.0"
backend = "npm:oxfmt"

[[tools.prek]]
version = "0.4.4"
backend = "aqua:j178/prek"

[tools.prek."platforms.linux-x64"]
checksum = "sha256:4a0aa963c6468ebcd4734ee7d763e8c1223bfb9bdabcb4528a7afac6b0147e12"
url = "https://github.com/j178/prek/releases/download/v0.4.4/prek-x86_64-unknown-linux-musl.tar.gz"
provenance = "github-attestations"

[tools.prek."platforms.macos-arm64"]
checksum = "sha256:d3d74f96bbb9fe88d14bdb3119501f8f39602b885e19f57c6567791599afd231"
url = "https://github.com/j178/prek/releases/download/v0.4.4/prek-aarch64-apple-darwin.tar.gz"
provenance = "github-attestations"

[[tools.protoc]]
version = "35.0"
backend = "aqua:protocolbuffers/protobuf/protoc"

[tools.protoc."platforms.linux-x64"]
checksum = "sha256:a45cda0989c17dd950db55f6fbe1e5814c50fda08e87aa422980ac1f89dddbbc"
url = "https://github.com/protocolbuffers/protobuf/releases/download/v35.0/protoc-35.0-linux-x86_64.zip"

[tools.protoc."platforms.macos-arm64"]
checksum = "sha256:45444963204757fd3e2fbe304bc1fdadfb488d8556ff099c4cc06575eab88976"
url = "https://github.com/protocolbuffers/protobuf/releases/download/v35.0/protoc-35.0-osx-aarch_64.zip"

[[tools.python]]
version = "3.11.15"
backend = "core:python"

[tools.python."platforms.linux-x64"]
checksum = "sha256:4b79bcb83a22961c8972f8d1d4780bd8925f0b52688d95b090a488f31c8b1139"
url = "https://github.com/astral-sh/python-build-standalone/releases/download/20260602/cpython-3.11.15+20260602-x86_64-unknown-linux-gnu-install_only_stripped.tar.gz"
provenance = "github-attestations"

[tools.python."platforms.macos-arm64"]
checksum = "sha256:f1461690377000ee2161af52db780b7c1a200549fff7c8064e47e1ee1832265b"
url = "https://github.com/astral-sh/python-build-standalone/releases/download/20260602/cpython-3.11.15+20260602-aarch64-apple-darwin-install_only_stripped.tar.gz"
provenance = "github-attestations"

[[tools.rust]]
version = "1.96.0"
backend = "core:rust"

[[tools.uv]]
version = "0.11.19"
backend = "aqua:astral-sh/uv"

[tools.uv."platforms.linux-x64"]
checksum = "sha256:c4c0d0a383413261af5f0f0743e1292f4aafbe907987ed83bd0ac66f0a3d7e20"
url = "https://github.com/astral-sh/uv/releases/download/0.11.19/uv-x86_64-unknown-linux-musl.tar.gz"
provenance = "github-attestations"

[tools.uv."platforms.macos-arm64"]
checksum = "sha256:d8f59c38e8c4168ee468d423cd63184be12fa6995a4283d41ee1a14d003c9453"
url = "https://github.com/astral-sh/uv/releases/download/0.11.19/uv-aarch64-apple-darwin.tar.gz"
provenance = "github-attestations"

[[tools.zig]]
version = "0.16.0"
backend = "core:zig"

[tools.zig."platforms.linux-x64"]
checksum = "sha256:70e49664a74374b48b51e6f3fdfbf437f6395d42509050588bd49abe52ba3d00"
url = "https://ziglang.org/download/0.16.0/zig-x86_64-linux-0.16.0.tar.xz"

[tools.zig."platforms.macos-arm64"]
checksum = "sha256:b23d70deaa879b5c2d486ed3316f7eaa53e84acf6fc9cc747de152450d401489"
url = "https://ziglang.org/download/0.16.0/zig-aarch64-macos-0.16.0.tar.xz"
